
Microsoft Visual Studio Solution File, Format Version 12.00
# Visual Studio Version 17
VisualStudioVersion = 17.8.34309.116
MinimumVisualStudioVersion = 10.0.40219.1
Project("{9A19103F-16F7-4668-BE54-9A1E7A4F7556}") = "RazorPagesApp", "RazorPagesApp\RazorPagesApp.csproj", "{0496EAD8-84FD-4585-BD5F-7B2FA9629C5C}"
EndProject
Project("{9A19103F-16F7-4668-BE54-9A1E7A4F7556}") = "test", "test\test.csproj", "{197F3CB1-6FEE-42F1-BF37-16AD28579F63}"
EndProject
Global
	GlobalSection(SolutionConfigurationPlatforms) = preSolution
		Debug|Any CPU = Debug|Any CPU
		Release|Any CPU = Release|Any CPU
	EndGlobalSection
	GlobalSection(ProjectConfigurationPlatforms) = postSolution
		{0496EAD8-84FD-4585-BD5F-7B2FA9629C5C}.Debug|Any CPU.ActiveCfg = Debug|Any CPU
		{0496EAD8-84FD-4585-BD5F-7B2FA9629C5C}.Debug|Any CPU.Build.0 = Debug|Any CPU
		{0496EAD8-84FD-4585-BD5F-7B2FA9629C5C}.Release|Any CPU.ActiveCfg = Release|Any CPU
		{0496EAD8-84FD-4585-BD5F-7B2FA9629C5C}.Release|Any CPU.Build.0 = Release|Any CPU
		{197F3CB1-6FEE-42F1-BF37-16AD28579F63}.Debug|Any CPU.ActiveCfg = Debug|Any CPU
		{197F3CB1-6FEE-42F1-BF37-16AD28579F63}.Debug|Any CPU.Build.0 = Debug|Any CPU
		{197F3CB1-6FEE-42F1-BF37-16AD28579F63}.Release|Any CPU.ActiveCfg = Release|Any CPU
		{197F3CB1-6FEE-42F1-BF37-16AD28579F63}.Release|Any CPU.Build.0 = Release|Any CPU
	EndGlobalSection
	GlobalSection(SolutionProperties) = preSolution
		HideSolutionNode = FALSE
	EndGlobalSection
	GlobalSection(ExtensibilityGlobals) = postSolution
		SolutionGuid = {BCF12835-D07D-4AD4-82A3-4A346D403CF4}
	EndGlobalSection
EndGlobal
